{
  "name": "@watzon/semantouch",
  "version": "0.3.4",
  "lockfileVersion": 3,
  "requires": true,
  "packages": {
    "": {
      "name": "@watzon/semantouch",
      "version": "0.3.4",
      "cpu": [
        "arm64",
        "x64"
      ],
      "license": "MIT",
      "os": [
        "darwin"
      ],
      "bin": {
        "semantouch": "bin/semantouch.js"
      },
      "engines": {
        "node": ">=18"
      }
    }
  }
}
